// !$*UTF8*$!
{
	archiveVersion = 1;
	classes = {
	};
	objectVersion = 55;
	objects = {

/* Begin PBXBuildFile section */
		9021E9ED287112A7000E3132 /* ProductPreviewCardComponentApp.swift in Sources */ = {isa = PBXBuildFile; fileRef = 9021E9DD287112A2000E3132 /* ProductPreviewCardComponentApp.swift */; };
		9021E9EE287112A7000E3132 /* ProductPreviewCardComponentApp.swift in Sources */ = {isa = PBXBuildFile; fileRef = 9021E9DD287112A2000E3132 /* ProductPreviewCardComponentApp.swift */; };
		9021E9EF287112A7000E3132 /* ContentView.swift in Sources */ = {isa = PBXBuildFile; fileRef = 9021E9DE287112A2000E3132 /* ContentView.swift */; };
		9021E9F0287112A7000E3132 /* ContentView.swift in Sources */ = {isa = PBXBuildFile; fileRef = 9021E9DE287112A2000E3132 /* ContentView.swift */; };
		9021E9F1287112A7000E3132 /* Assets.xcassets in Resources */ = {isa = PBXBuildFile; fileRef = 9021E9DF287112A6000E3132 /* Assets.xcassets */; };
		9021E9F2287112A7000E3132 /* Assets.xcassets in Resources */ = {isa = PBXBuildFile; fileRef = 9021E9DF287112A6000E3132 /* Assets.xcassets */; };
		9021E9FF287114BE000E3132 /* BackgroundView.swift in Sources */ = {isa = PBXBuildFile; fileRef = 9021E9FE287114BE000E3132 /* BackgroundView.swift */; };
/* End PBXBuildFile section */

/* Begin PBXFileReference section */
		9021E9DD287112A2000E3132 /* ProductPreviewCardComponentApp.swift */ = {isa = PBXFileReference; lastKnownFileType = sourcecode.swift; path = ProductPreviewCardComponentApp.swift; sourceTree = "<group>"; };
		9021E9DE287112A2000E3132 /* ContentView.swift */ = {isa = PBXFileReference; lastKnownFileType = sourcecode.swift; path = ContentView.swift; sourceTree = "<group>"; };
		9021E9DF287112A6000E3132 /* Assets.xcassets */ = {isa = PBXFileReference; lastKnownFileType = folder.assetcatalog; path = Assets.xcassets; sourceTree = "<group>"; };
		9021E9E4287112A7000E3132 /* Product Preview Card Component.app */ = {isa = PBXFileReference; explicitFileType = wrapper.application; includeInIndex = 0; path = "Product Preview Card Component.app"; sourceTree = BUILT_PRODUCTS_DIR; };
		9021E9EA287112A7000E3132 /* Product Preview Card Component.app */ = {isa = PBXFileReference; explicitFileType = wrapper.application; includeInIndex = 0; path = "Product Preview Card Component.app"; sourceTree = BUILT_PRODUCTS_DIR; };
		9021E9EC287112A7000E3132 /* macOS.entitlements */ = {isa = PBXFileReference; lastKnownFileType = text.plist.entitlements; path = macOS.entitlements; sourceTree = "<group>"; };
		9021E9FE287114BE000E3132 /* BackgroundView.swift */ = {isa = PBXFileReference; lastKnownFileType = sourcecode.swift; path = BackgroundView.swift; sourceTree = "<group>"; };
/* End PBXFileReference section */

/* Begin PBXFrameworksBuildPhase section */
		9021E9E1287112A7000E3132 /* Frameworks */ = {
			isa = PBXFrameworksBuildPhase;
			buildActionMask = 2147483647;
			files = (
			);
			runOnlyForDeploymentPostprocessing = 0;
		};
		9021E9E7287112A7000E3132 /* Frameworks */ = {
			isa = PBXFrameworksBuildPhase;
			buildActionMask = 2147483647;
			files = (
			);
			runOnlyForDeploymentPostprocessing = 0;
		};
/* End PBXFrameworksBuildPhase section */

/* Begin PBXGroup section */
		9021E9D7287112A2000E3132 = {
			isa = PBXGroup;
			children = (
				9021E9DC287112A2000E3132 /* Shared */,
				9021E9EB287112A7000E3132 /* macOS */,
				9021E9E5287112A7000E3132 /* Products */,
			);
			sourceTree = "<group>";
		};
		9021E9DC287112A2000E3132 /* Shared */ = {
			isa = PBXGroup;
			children = (
				9021E9FD287112C4000E3132 /* App */,
				9021E9FC287112C0000E3132 /* Models */,
				9021E9FB287112BC000E3132 /* Views */,
			);
			path = Shared;
			sourceTree = "<group>";
		};
		9021E9E5287112A7000E3132 /* Products */ = {
			isa = PBXGroup;
			children = (
				9021E9E4287112A7000E3132 /* Product Preview Card Component.app */,
				9021E9EA287112A7000E3132 /* Product Preview Card Component.app */,
			);
			name = Products;
			sourceTree = "<group>";
		};
		9021E9EB287112A7000E3132 /* macOS */ = {
			isa = PBXGroup;
			children = (
				9021E9EC287112A7000E3132 /* macOS.entitlements */,
			);
			path = macOS;
			sourceTree = "<group>";
		};
		9021E9FB287112BC000E3132 /* Views */ = {
			isa = PBXGroup;
			children = (
				9021E9DE287112A2000E3132 /* ContentView.swift */,
				9021E9FE287114BE000E3132 /* BackgroundView.swift */,
			);
			path = Views;
			sourceTree = "<group>";
		};
		9021E9FC287112C0000E3132 /* Models */ = {
			isa = PBXGroup;
			children = (
			);
			path = Models;
			sourceTree = "<group>";
		};
		9021E9FD287112C4000E3132 /* App */ = {
			isa = PBXGroup;
			children = (
				9021E9DF287112A6000E3132 /* Assets.xcassets */,
				9021E9DD287112A2000E3132 /* ProductPreviewCardComponentApp.swift */,
			);
			path = App;
			sourceTree = "<group>";
		};
/* End PBXGroup section */

/* Begin PBXNativeTarget section */
		9021E9E3287112A7000E3132 /* Product Preview Card Component (iOS) */ = {
			isa = PBXNativeTarget;
			buildConfigurationList = 9021E9F5287112A7000E3132 /* Build configuration list for PBXNativeTarget "Product Preview Card Component (iOS)" */;
			buildPhases = (
				9021E9E0287112A7000E3132 /* Sources */,
				9021E9E1287112A7000E3132 /* Frameworks */,
				9021E9E2287112A7000E3132 /* Resources */,
			);
			buildRules = (
			);
			dependencies = (
			);
			name = "Product Preview Card Component (iOS)";
			productName = "ProductPreviewCardComponent (iOS)";
			productReference = 9021E9E4287112A7000E3132 /* Product Preview Card Component.app */;
			productType = "com.apple.product-type.application";
		};
		9021E9E9287112A7000E3132 /* Product Preview Card Component (macOS) */ = {
			isa = PBXNativeTarget;
			buildConfigurationList = 9021E9F8287112A7000E3132 /* Build configuration list for PBXNativeTarget "Product Preview Card Component (macOS)" */;
			buildPhases = (
				9021E9E6287112A7000E3132 /* Sources */,
				9021E9E7287112A7000E3132 /* Frameworks */,
				9021E9E8287112A7000E3132 /* Resources */,
			);
			buildRules = (
			);
			dependencies = (
			);
			name = "Product Preview Card Component (macOS)";
			productName = "ProductPreviewCardComponent (macOS)";
			productReference = 9021E9EA287112A7000E3132 /* Product Preview Card Component.app */;
			productType = "com.apple.product-type.application";
		};
/* End PBXNativeTarget section */

/* Begin PBXProject section */
		9021E9D8287112A2000E3132 /* Project object */ = {
			isa = PBXProject;
			attributes = {
				BuildIndependentTargetsInParallel = 1;
				LastSwiftUpdateCheck = 1340;
				LastUpgradeCheck = 1340;
				TargetAttributes = {
					9021E9E3287112A7000E3132 = {
						CreatedOnToolsVersion = 13.4.1;
					};
					9021E9E9287112A7000E3132 = {
						CreatedOnToolsVersion = 13.4.1;
					};
				};
			};
			buildConfigurationList = 9021E9DB287112A2000E3132 /* Build configuration list for PBXProject "Product Preview Card Component" */;
			compatibilityVersion = "Xcode 13.0";
			developmentRegion = en;
			hasScannedForEncodings = 0;
			knownRegions = (
				en,
				Base,
			);
			mainGroup = 9021E9D7287112A2000E3132;
			productRefGroup = 9021E9E5287112A7000E3132 /* Products */;
			projectDirPath = "";
			projectRoot = "";
			targets = (
				9021E9E3287112A7000E3132 /* Product Preview Card Component (iOS) */,
				9021E9E9287112A7000E3132 /* Product Preview Card Component (macOS) */,
			);
		};
/* End PBXProject section */

/* Begin PBXResourcesBuildPhase section */
		9021E9E2287112A7000E3132 /* Resources */ = {
			isa = PBXResourcesBuildPhase;
			buildActionMask = 2147483647;
			files = (
				9021E9F1287112A7000E3132 /* Assets.xcassets in Resources */,
			);
			runOnlyForDeploymentPostprocessing = 0;
		};
		9021E9E8287112A7000E3132 /* Resources */ = {
			isa = PBXResourcesBuildPhase;
			buildActionMask = 2147483647;
			files = (
				9021E9F2287112A7000E3132 /* Assets.xcassets in Resources */,
			);
			runOnlyForDeploymentPostprocessing = 0;
		};
/* End PBXResourcesBuildPhase section */

/* Begin PBXSourcesBuildPhase section */
		9021E9E0287112A7000E3132 /* Sources */ = {
			isa = PBXSourcesBuildPhase;
			buildActionMask = 2147483647;
			files = (
				9021E9FF287114BE000E3132 /* BackgroundView.swift in Sources */,
				9021E9EF287112A7000E3132 /* ContentView.swift in Sources */,
				9021E9ED287112A7000E3132 /* ProductPreviewCardComponentApp.swift in Sources */,
			);
			runOnlyForDeploymentPostprocessing = 0;
		};
		9021E9E6287112A7000E3132 /* Sources */ = {
			isa = PBXSourcesBuildPhase;
			buildActionMask = 2147483647;
			files = (
				9021E9F0287112A7000E3132 /* ContentView.swift in Sources */,
				9021E9EE287112A7000E3132 /* ProductPreviewCardComponentApp.swift in Sources */,
			);
			runOnlyForDeploymentPostprocessing = 0;
		};
/* End PBXSourcesBuildPhase section */

/* Begin XCBuildConfiguration section */
		9021E9F3287112A7000E3132 /* Debug */ = {
			isa = XCBuildConfiguration;
			buildSettings = {
				ALWAYS_SEARCH_USER_PATHS = NO;
				CLANG_ANALYZER_NONNULL = YES;
				CLANG_ANALYZER_NUMBER_OBJECT_CONVERSION = YES_AGGRESSIVE;
				CLANG_CXX_LANGUAGE_STANDARD = "gnu++17";
				CLANG_ENABLE_MODULES = YES;
				CLANG_ENABLE_OBJC_ARC = YES;
				CLANG_ENABLE_OBJC_WEAK = YES;
				CLANG_WARN_BLOCK_CAPTURE_AUTORELEASING = YES;
				CLANG_WARN_BOOL_CONVERSION = YES;
				CLANG_WARN_COMMA = YES;
				CLANG_WARN_CONSTANT_CONVERSION = YES;
				CLANG_WARN_DEPRECATED_OBJC_IMPLEMENTATIONS = YES;
				CLANG_WARN_DIRECT_OBJC_ISA_USAGE = YES_ERROR;
				CLANG_WARN_DOCUMENTATION_COMMENTS = YES;
				CLANG_WARN_EMPTY_BODY = YES;
				CLANG_WARN_ENUM_CONVERSION = YES;
				CLANG_WARN_INFINITE_RECURSION = YES;
				CLANG_WARN_INT_CONVERSION = YES;
				CLANG_WARN_NON_LITERAL_NULL_CONVERSION = YES;
				CLANG_WARN_OBJC_IMPLICIT_RETAIN_SELF = YES;
				CLANG_WARN_OBJC_LITERAL_CONVERSION = YES;
				CLANG_WARN_OBJC_ROOT_CLASS = YES_ERROR;
				CLANG_WARN_QUOTED_INCLUDE_IN_FRAMEWORK_HEADER = YES;
				CLANG_WARN_RANGE_LOOP_ANALYSIS = YES;
				CLANG_WARN_STRICT_PROTOTYPES = YES;
				CLANG_WARN_SUSPICIOUS_MOVE = YES;
				CLANG_WARN_UNGUARDED_AVAILABILITY = YES_AGGRESSIVE;
				CLANG_WARN_UNREACHABLE_CODE = YES;
				CLANG_WARN__DUPLICATE_METHOD_MATCH = YES;
				COPY_PHASE_STRIP = NO;
				DEBUG_INFORMATION_FORMAT = dwarf;
				ENABLE_STRICT_OBJC_MSGSEND = YES;
				ENABLE_TESTABILITY = YES;
				GCC_C_LANGUAGE_STANDARD = gnu11;
				GCC_DYNAMIC_NO_PIC = NO;
				GCC_NO_COMMON_BLOCKS = YES;
				GCC_OPTIMIZATION_LEVEL = 0;
				GCC_PREPROCESSOR_DEFINITIONS = (
					"DEBUG=1",
					"$(inherited)",
				);
				GCC_WARN_64_TO_32_BIT_CONVERSION = YES;
				GCC_WARN_ABOUT_RETURN_TYPE = YES_ERROR;
				GCC_WARN_UNDECLARED_SELECTOR = YES;
				GCC_WARN_UNINITIALIZED_AUTOS = YES_AGGRESSIVE;
				GCC_WARN_UNUSED_FUNCTION = YES;
				GCC_WARN_UNUSED_VARIABLE = YES;
				IPHONEOS_DEPLOYMENT_TARGET = 15.5;
				MACOSX_DEPLOYMENT_TARGET = 12.3;
				MTL_ENABLE_DEBUG_INFO = INCLUDE_SOURCE;
				MTL_FAST_MATH = YES;
				ONLY_ACTIVE_ARCH = YES;
				SWIFT_ACTIVE_COMPILATION_CONDITIONS = DEBUG;
				SWIFT_OPTIMIZATION_LEVEL = "-Onone";
			};
			name = Debug;
		};
		9021E9F4287112A7000E3132 /* Release */ = {
			isa = XCBuildConfiguration;
			buildSettings = {
				ALWAYS_SEARCH_USER_PATHS = NO;
				CLANG_ANALYZER_NONNULL = YES;
				CLANG_ANALYZER_NUMBER_OBJECT_CONVERSION = YES_AGGRESSIVE;
				CLANG_CXX_LANGUAGE_STANDARD = "gnu++17";
				CLANG_ENABLE_MODULES = YES;
				CLANG_ENABLE_OBJC_ARC = YES;
				CLANG_ENABLE_OBJC_WEAK = YES;
				CLANG_WARN_BLOCK_CAPTURE_AUTORELEASING = YES;
				CLANG_WARN_BOOL_CONVERSION = YES;
				CLANG_WARN_COMMA = YES;
				CLANG_WARN_CONSTANT_CONVERSION = YES;
				CLANG_WARN_DEPRECATED_OBJC_IMPLEMENTATIONS = YES;
				CLANG_WARN_DIRECT_OBJC_ISA_USAGE = YES_ERROR;
				CLANG_WARN_DOCUMENTATION_COMMENTS = YES;
				CLANG_WARN_EMPTY_BODY = YES;
				CLANG_WARN_ENUM_CONVERSION = YES;
				CLANG_WARN_INFINITE_RECURSION = YES;
				CLANG_WARN_INT_CONVERSION = YES;
				CLANG_WARN_NON_LITERAL_NULL_CONVERSION = YES;
				CLANG_WARN_OBJC_IMPLICIT_RETAIN_SELF = YES;
				CLANG_WARN_OBJC_LITERAL_CONVERSION = YES;
				CLANG_WARN_OBJC_ROOT_CLASS = YES_ERROR;
				CLANG_WARN_QUOTED_INCLUDE_IN_FRAMEWORK_HEADER = YES;
				CLANG_WARN_RANGE_LOOP_ANALYSIS = YES;
				CLANG_WARN_STRICT_PROTOTYPES = YES;
				CLANG_WARN_SUSPICIOUS_MOVE = YES;
				CLANG_WARN_UNGUARDED_AVAILABILITY = YES_AGGRESSIVE;
				CLANG_WARN_UNREACHABLE_CODE = YES;
				CLANG_WARN__DUPLICATE_METHOD_MATCH = YES;
				COPY_PHASE_STRIP = NO;
				DEBUG_INFORMATION_FORMAT = "dwarf-with-dsym";
				ENABLE_NS_ASSERTIONS = NO;
				ENABLE_STRICT_OBJC_MSGSEND = YES;
				GCC_C_LANGUAGE_STANDARD = gnu11;
				GCC_NO_COMMON_BLOCKS = YES;
				GCC_WARN_64_TO_32_BIT_CONVERSION = YES;
				GCC_WARN_ABOUT_RETURN_TYPE = YES_ERROR;
				GCC_WARN_UNDECLARED_SELECTOR = YES;
				GCC_WARN_UNINITIALIZED_AUTOS = YES_AGGRESSIVE;
				GCC_WARN_UNUSED_FUNCTION = YES;
				GCC_WARN_UNUSED_VARIABLE = YES;
				IPHONEOS_DEPLOYMENT_TARGET = 15.5;
				MACOSX_DEPLOYMENT_TARGET = 12.3;
				MTL_ENABLE_DEBUG_INFO = NO;
				MTL_FAST_MATH = YES;
				SWIFT_COMPILATION_MODE = wholemodule;
				SWIFT_OPTIMIZATION_LEVEL = "-O";
			};
			name = Release;
		};
		9021E9F6287112A7000E3132 /* Debug */ = {
			isa = XCBuildConfiguration;
			buildSettings = {
				ASSETCATALOG_COMPILER_APPICON_NAME = AppIcon;
				ASSETCATALOG_COMPILER_GLOBAL_ACCENT_COLOR_NAME = AccentColor;
				CODE_SIGN_STYLE = Automatic;
				CURRENT_PROJECT_VERSION = 1;
				DEVELOPMENT_TEAM = 862P2X6G9G;
				ENABLE_PREVIEWS = YES;
				GENERATE_INFOPLIST_FILE = YES;
				INFOPLIST_KEY_UIApplicationSceneManifest_Generation = YES;
				INFOPLIST_KEY_UIApplicationSupportsIndirectInputEvents = YES;
				INFOPLIST_KEY_UILaunchScreen_Generation = YES;
				INFOPLIST_KEY_UISupportedInterfaceOrientations_iPad = "UIInterfaceOrientationPortrait UIInterfaceOrientationPortraitUpsideDown UIInterfaceOrientationLandscapeLeft UIInterfaceOrientationLandscapeRight";
				INFOPLIST_KEY_UISupportedInterfaceOrientations_iPhone = "UIInterfaceOrientationPortrait UIInterfaceOrientationLandscapeLeft UIInterfaceOrientationLandscapeRight";
				IPHONEOS_DEPLOYMENT_TARGET = 15.5;
				LD_RUNPATH_SEARCH_PATHS = (
					"$(inherited)",
					"@executable_path/Frameworks",
				);
				MARKETING_VERSION = 1.0;
				PRODUCT_BUNDLE_IDENTIFIER = me.kim.jinwook.ProductPreviewCardComponent;
				PRODUCT_NAME = "Product Preview Card Component";
				SDKROOT = iphoneos;
				SWIFT_EMIT_LOC_STRINGS = YES;
				SWIFT_VERSION = 5.0;
				TARGETED_DEVICE_FAMILY = "1,2";
			};
			name = Debug;
		};
		9021E9F7287112A7000E3132 /* Release */ = {
			isa = XCBuildConfiguration;
			buildSettings = {
				ASSETCATALOG_COMPILER_APPICON_NAME = AppIcon;
				ASSETCATALOG_COMPILER_GLOBAL_ACCENT_COLOR_NAME = AccentColor;
				CODE_SIGN_STYLE = Automatic;
				CURRENT_PROJECT_VERSION = 1;
				DEVELOPMENT_TEAM = 862P2X6G9G;
				ENABLE_PREVIEWS = YES;
				GENERATE_INFOPLIST_FILE = YES;
				INFOPLIST_KEY_UIApplicationSceneManifest_Generation = YES;
				INFOPLIST_KEY_UIApplicationSupportsIndirectInputEvents = YES;
				INFOPLIST_KEY_UILaunchScreen_Generation = YES;
				INFOPLIST_KEY_UISupportedInterfaceOrientations_iPad = "UIInterfaceOrientationPortrait UIInterfaceOrientationPortraitUpsideDown UIInterfaceOrientationLandscapeLeft UIInterfaceOrientationLandscapeRight";
				INFOPLIST_KEY_UISupportedInterfaceOrientations_iPhone = "UIInterfaceOrientationPortrait UIInterfaceOrientationLandscapeLeft UIInterfaceOrientationLandscapeRight";
				IPHONEOS_DEPLOYMENT_TARGET = 15.5;
				LD_RUNPATH_SEARCH_PATHS = (
					"$(inherited)",
					"@executable_path/Frameworks",
				);
				MARKETING_VERSION = 1.0;
				PRODUCT_BUNDLE_IDENTIFIER = me.kim.jinwook.ProductPreviewCardComponent;
				PRODUCT_NAME = "Product Preview Card Component";
				SDKROOT = iphoneos;
				SWIFT_EMIT_LOC_STRINGS = YES;
				SWIFT_VERSION = 5.0;
				TARGETED_DEVICE_FAMILY = "1,2";
				VALIDATE_PRODUCT = YES;
			};
			name = Release;
		};
		9021E9F9287112A7000E3132 /* Debug */ = {
			isa = XCBuildConfiguration;
			buildSettings = {
				ASSETCATALOG_COMPILER_APPICON_NAME = AppIcon;
				ASSETCATALOG_COMPILER_GLOBAL_ACCENT_COLOR_NAME = AccentColor;
				CODE_SIGN_ENTITLEMENTS = macOS/macOS.entitlements;
				CODE_SIGN_STYLE = Automatic;
				COMBINE_HIDPI_IMAGES = YES;
				CURRENT_PROJECT_VERSION = 1;
				DEVELOPMENT_TEAM = 862P2X6G9G;
				ENABLE_HARDENED_RUNTIME = YES;
				ENABLE_PREVIEWS = YES;
				GENERATE_INFOPLIST_FILE = YES;
				INFOPLIST_KEY_NSHumanReadableCopyright = "";
				LD_RUNPATH_SEARCH_PATHS = (
					"$(inherited)",
					"@executable_path/../Frameworks",
				);
				MACOSX_DEPLOYMENT_TARGET = 12.3;
				MARKETING_VERSION = 1.0;
				PRODUCT_BUNDLE_IDENTIFIER = me.kim.jinwook.ProductPreviewCardComponent;
				PRODUCT_NAME = "Product Preview Card Component";
				SDKROOT = macosx;
				SWIFT_EMIT_LOC_STRINGS = YES;
				SWIFT_VERSION = 5.0;
			};
			name = Debug;
		};
		9021E9FA287112A7000E3132 /* Release */ = {
			isa = XCBuildConfiguration;
			buildSettings = {
				ASSETCATALOG_COMPILER_APPICON_NAME = AppIcon;
				ASSETCATALOG_COMPILER_GLOBAL_ACCENT_COLOR_NAME = AccentColor;
				CODE_SIGN_ENTITLEMENTS = macOS/macOS.entitlements;
				CODE_SIGN_STYLE = Automatic;
				COMBINE_HIDPI_IMAGES = YES;
				CURRENT_PROJECT_VERSION = 1;
				DEVELOPMENT_TEAM = 862P2X6G9G;
				ENABLE_HARDENED_RUNTIME = YES;
				ENABLE_PREVIEWS = YES;
				GENERATE_INFOPLIST_FILE = YES;
				INFOPLIST_KEY_NSHumanReadableCopyright = "";
				LD_RUNPATH_SEARCH_PATHS = (
					"$(inherited)",
					"@executable_path/../Frameworks",
				);
				MACOSX_DEPLOYMENT_TARGET = 12.3;
				MARKETING_VERSION = 1.0;
				PRODUCT_BUNDLE_IDENTIFIER = me.kim.jinwook.ProductPreviewCardComponent;
				PRODUCT_NAME = "Product Preview Card Component";
				SDKROOT = macosx;
				SWIFT_EMIT_LOC_STRINGS = YES;
				SWIFT_VERSION = 5.0;
			};
			name = Release;
		};
/* End XCBuildConfiguration section */

/* Begin XCConfigurationList section */
		9021E9DB287112A2000E3132 /* Build configuration list for PBXProject "Product Preview Card Component" */ = {
			isa = XCConfigurationList;
			buildConfigurations = (
				9021E9F3287112A7000E3132 /* Debug */,
				9021E9F4287112A7000E3132 /* Release */,
			);
			defaultConfigurationIsVisible = 0;
			defaultConfigurationName = Release;
		};
		9021E9F5287112A7000E3132 /* Build configuration list for PBXNativeTarget "Product Preview Card Component (iOS)" */ = {
			isa = XCConfigurationList;
			buildConfigurations = (
				9021E9F6287112A7000E3132 /* Debug */,
				9021E9F7287112A7000E3132 /* Release */,
			);
			defaultConfigurationIsVisible = 0;
			defaultConfigurationName = Release;
		};
		9021E9F8287112A7000E3132 /* Build configuration list for PBXNativeTarget "Product Preview Card Component (macOS)" */ = {
			isa = XCConfigurationList;
			buildConfigurations = (
				9021E9F9287112A7000E3132 /* Debug */,
				9021E9FA287112A7000E3132 /* Release */,
			);
			defaultConfigurationIsVisible = 0;
			defaultConfigurationName = Release;
		};
/* End XCConfigurationList section */
	};
	rootObject = 9021E9D8287112A2000E3132 /* Project object */;
}
